
Microsoft Visual Studio Solution File, Format Version 12.00
# Visual Studio 2012
Project("{FAE04EC0-301F-11D3-BF4B-00C04F79EFBC}") = "Prac5_1", "Prac5_1\Prac5_1.csproj", "{8BDBB112-2639-48E5-902E-5CA4604B20D4}"
EndProject
Global
	GlobalSection(SolutionConfigurationPlatforms) = preSolution
		Debug|Any CPU = Debug|Any CPU
		Release|Any CPU = Release|Any CPU
	EndGlobalSection
	GlobalSection(ProjectConfigurationPlatforms) = postSolution
		{8BDBB112-2639-48E5-902E-5CA4604B20D4}.Debug|Any CPU.ActiveCfg = Debug|Any CPU
		{8BDBB112-2639-48E5-902E-5CA4604B20D4}.Debug|Any CPU.Build.0 = Debug|Any CPU
		{8BDBB112-2639-48E5-902E-5CA4604B20D4}.Release|Any CPU.ActiveCfg = Release|Any CPU
		{8BDBB112-2639-48E5-902E-5CA4604B20D4}.Release|Any CPU.Build.0 = Release|Any CPU
	EndGlobalSection
	GlobalSection(SolutionProperties) = preSolution
		HideSolutionNode = FALSE
	EndGlobalSection
EndGlobal
