
Microsoft Visual Studio Solution File, Format Version 11.00
# Visual Studio 2010
Project("{FAE04EC0-301F-11D3-BF4B-00C04F79EFBC}") = "prac9_2", "prac9_2\prac9_2.csproj", "{F3E01C72-C17B-4791-A00F-147A6F5F2BDE}"
EndProject
Global
	GlobalSection(SolutionConfigurationPlatforms) = preSolution
		Debug|Any CPU = Debug|Any CPU
		Release|Any CPU = Release|Any CPU
	EndGlobalSection
	GlobalSection(ProjectConfigurationPlatforms) = postSolution
		{F3E01C72-C17B-4791-A00F-147A6F5F2BDE}.Debug|Any CPU.ActiveCfg = Debug|Any CPU
		{F3E01C72-C17B-4791-A00F-147A6F5F2BDE}.Debug|Any CPU.Build.0 = Debug|Any CPU
		{F3E01C72-C17B-4791-A00F-147A6F5F2BDE}.Release|Any CPU.ActiveCfg = Release|Any CPU
		{F3E01C72-C17B-4791-A00F-147A6F5F2BDE}.Release|Any CPU.Build.0 = Release|Any CPU
	EndGlobalSection
	GlobalSection(SolutionProperties) = preSolution
		HideSolutionNode = FALSE
	EndGlobalSection
EndGlobal
