
Microsoft Visual Studio Solution File, Format Version 12.00
# Visual Studio 2012
Project("{FAE04EC0-301F-11D3-BF4B-00C04F79EFBC}") = "Prac6_1", "Prac6_1\Prac6_1.csproj", "{7F91CD88-ADAF-4126-BB93-49020CE9CA15}"
EndProject
Global
	GlobalSection(SolutionConfigurationPlatforms) = preSolution
		Debug|Any CPU = Debug|Any CPU
		Release|Any CPU = Release|Any CPU
	EndGlobalSection
	GlobalSection(ProjectConfigurationPlatforms) = postSolution
		{7F91CD88-ADAF-4126-BB93-49020CE9CA15}.Debug|Any CPU.ActiveCfg = Debug|Any CPU
		{7F91CD88-ADAF-4126-BB93-49020CE9CA15}.Debug|Any CPU.Build.0 = Debug|Any CPU
		{7F91CD88-ADAF-4126-BB93-49020CE9CA15}.Release|Any CPU.ActiveCfg = Release|Any CPU
		{7F91CD88-ADAF-4126-BB93-49020CE9CA15}.Release|Any CPU.Build.0 = Release|Any CPU
	EndGlobalSection
	GlobalSection(SolutionProperties) = preSolution
		HideSolutionNode = FALSE
	EndGlobalSection
EndGlobal
