
Microsoft Visual Studio Solution File, Format Version 12.00
# Visual Studio Version 17
VisualStudioVersion = 17.5.33516.290
MinimumVisualStudioVersion = 10.0.40219.1
Project("{FAE04EC0-301F-11D3-BF4B-00C04F79EFBC}") = "prac10_b", "prac10_b\prac10_b.csproj", "{77BFEA50-E82B-4060-889F-7FD9250F6AA1}"
EndProject
Global
	GlobalSection(SolutionConfigurationPlatforms) = preSolution
		Debug|Any CPU = Debug|Any CPU
		Release|Any CPU = Release|Any CPU
	EndGlobalSection
	GlobalSection(ProjectConfigurationPlatforms) = postSolution
		{77BFEA50-E82B-4060-889F-7FD9250F6AA1}.Debug|Any CPU.ActiveCfg = Debug|Any CPU
		{77BFEA50-E82B-4060-889F-7FD9250F6AA1}.Debug|Any CPU.Build.0 = Debug|Any CPU
		{77BFEA50-E82B-4060-889F-7FD9250F6AA1}.Release|Any CPU.ActiveCfg = Release|Any CPU
		{77BFEA50-E82B-4060-889F-7FD9250F6AA1}.Release|Any CPU.Build.0 = Release|Any CPU
	EndGlobalSection
	GlobalSection(SolutionProperties) = preSolution
		HideSolutionNode = FALSE
	EndGlobalSection
	GlobalSection(ExtensibilityGlobals) = postSolution
		SolutionGuid = {E49E5F2C-DC97-4DB5-BBB5-02562BF969F1}
	EndGlobalSection
EndGlobal
